
Microsoft Visual Studio Solution File, Format Version 12.00
# Visual Studio Version 17
VisualStudioVersion = 17.1.32210.238
MinimumVisualStudioVersion = 10.0.40219.1
Project("{2150E333-8FDC-42A3-9474-1A3956D46DE8}") = "Library", "Library", "{67C8A30E-B9D9-439F-B023-91BC1532194B}"
EndProject
Project("{9A19103F-16F7-4668-BE54-9A1E7A4F7556}") = "QuizifyClases", "QuizifyClases\QuizifyClases.csproj", "{E0388E61-2655-491C-BE8C-B03965BC99BA}"
EndProject
Project("{2150E333-8FDC-42A3-9474-1A3956D46DE8}") = "Interfaz", "Interfaz", "{F7E87E52-13C4-4E15-8F87-F6A0669EDDB5}"
EndProject
Project("{2150E333-8FDC-42A3-9474-1A3956D46DE8}") = "Testing", "Testing", "{19C9A6F8-E3E3-46C0-B0E2-C9DDD3E4CA77}"
EndProject
Project("{9A19103F-16F7-4668-BE54-9A1E7A4F7556}") = "AppTest", "AppTest\AppTest.csproj", "{731512EF-B669-45D9-9A02-FEA95D12BA15}"
EndProject
Project("{9A19103F-16F7-4668-BE54-9A1E7A4F7556}") = "QuizifyIU", "QuizifyIU\QuizifyIU.csproj", "{B3D5775F-A4C5-40DC-95C0-8E9A1164E6B5}"
EndProject
Project("{2150E333-8FDC-42A3-9474-1A3956D46DE8}") = "UnitTesting", "UnitTesting", "{33FA6F70-23C9-4AB7-8561-D43558112BAF}"
EndProject
Project("{FAE04EC0-301F-11D3-BF4B-00C04F79EFBC}") = "TestProject1", "TestProject1\TestProject1.csproj", "{AFEC2DE0-F92E-4384-BEFD-0250335CC5F9}"
EndProject
Global
	GlobalSection(SolutionConfigurationPlatforms) = preSolution
		Debug|Any CPU = Debug|Any CPU
		Debug|x64 = Debug|x64
		Debug|x86 = Debug|x86
		Release|Any CPU = Release|Any CPU
		Release|x64 = Release|x64
		Release|x86 = Release|x86
	EndGlobalSection
	GlobalSection(ProjectConfigurationPlatforms) = postSolution
		{E0388E61-2655-491C-BE8C-B03965BC99BA}.Debug|Any CPU.ActiveCfg = Debug|Any CPU
		{E0388E61-2655-491C-BE8C-B03965BC99BA}.Debug|Any CPU.Build.0 = Debug|Any CPU
		{E0388E61-2655-491C-BE8C-B03965BC99BA}.Debug|x64.ActiveCfg = Debug|Any CPU
		{E0388E61-2655-491C-BE8C-B03965BC99BA}.Debug|x64.Build.0 = Debug|Any CPU
		{E0388E61-2655-491C-BE8C-B03965BC99BA}.Debug|x86.ActiveCfg = Debug|Any CPU
		{E0388E61-2655-491C-BE8C-B03965BC99BA}.Debug|x86.Build.0 = Debug|Any CPU
		{E0388E61-2655-491C-BE8C-B03965BC99BA}.Release|Any CPU.ActiveCfg = Release|Any CPU
		{E0388E61-2655-491C-BE8C-B03965BC99BA}.Release|Any CPU.Build.0 = Release|Any CPU
		{E0388E61-2655-491C-BE8C-B03965BC99BA}.Release|x64.ActiveCfg = Release|Any CPU
		{E0388E61-2655-491C-BE8C-B03965BC99BA}.Release|x64.Build.0 = Release|Any CPU
		{E0388E61-2655-491C-BE8C-B03965BC99BA}.Release|x86.ActiveCfg = Release|Any CPU
		{E0388E61-2655-491C-BE8C-B03965BC99BA}.Release|x86.Build.0 = Release|Any CPU
		{731512EF-B669-45D9-9A02-FEA95D12BA15}.Debug|Any CPU.ActiveCfg = Debug|Any CPU
		{731512EF-B669-45D9-9A02-FEA95D12BA15}.Debug|Any CPU.Build.0 = Debug|Any CPU
		{731512EF-B669-45D9-9A02-FEA95D12BA15}.Debug|x64.ActiveCfg = Debug|Any CPU
		{731512EF-B669-45D9-9A02-FEA95D12BA15}.Debug|x64.Build.0 = Debug|Any CPU
		{731512EF-B669-45D9-9A02-FEA95D12BA15}.Debug|x86.ActiveCfg = Debug|Any CPU
		{731512EF-B669-45D9-9A02-FEA95D12BA15}.Debug|x86.Build.0 = Debug|Any CPU
		{731512EF-B669-45D9-9A02-FEA95D12BA15}.Release|Any CPU.ActiveCfg = Release|Any CPU
		{731512EF-B669-45D9-9A02-FEA95D12BA15}.Release|Any CPU.Build.0 = Release|Any CPU
		{731512EF-B669-45D9-9A02-FEA95D12BA15}.Release|x64.ActiveCfg = Release|Any CPU
		{731512EF-B669-45D9-9A02-FEA95D12BA15}.Release|x64.Build.0 = Release|Any CPU
		{731512EF-B669-45D9-9A02-FEA95D12BA15}.Release|x86.ActiveCfg = Release|Any CPU
		{731512EF-B669-45D9-9A02-FEA95D12BA15}.Release|x86.Build.0 = Release|Any CPU
		{B3D5775F-A4C5-40DC-95C0-8E9A1164E6B5}.Debug|Any CPU.ActiveCfg = Debug|Any CPU
		{B3D5775F-A4C5-40DC-95C0-8E9A1164E6B5}.Debug|Any CPU.Build.0 = Debug|Any CPU
		{B3D5775F-A4C5-40DC-95C0-8E9A1164E6B5}.Debug|x64.ActiveCfg = Debug|Any CPU
		{B3D5775F-A4C5-40DC-95C0-8E9A1164E6B5}.Debug|x64.Build.0 = Debug|Any CPU
		{B3D5775F-A4C5-40DC-95C0-8E9A1164E6B5}.Debug|x86.ActiveCfg = Debug|Any CPU
		{B3D5775F-A4C5-40DC-95C0-8E9A1164E6B5}.Debug|x86.Build.0 = Debug|Any CPU
		{B3D5775F-A4C5-40DC-95C0-8E9A1164E6B5}.Release|Any CPU.ActiveCfg = Release|Any CPU
		{B3D5775F-A4C5-40DC-95C0-8E9A1164E6B5}.Release|Any CPU.Build.0 = Release|Any CPU
		{B3D5775F-A4C5-40DC-95C0-8E9A1164E6B5}.Release|x64.ActiveCfg = Release|Any CPU
		{B3D5775F-A4C5-40DC-95C0-8E9A1164E6B5}.Release|x64.Build.0 = Release|Any CPU
		{B3D5775F-A4C5-40DC-95C0-8E9A1164E6B5}.Release|x86.ActiveCfg = Release|Any CPU
		{B3D5775F-A4C5-40DC-95C0-8E9A1164E6B5}.Release|x86.Build.0 = Release|Any CPU
		{AFEC2DE0-F92E-4384-BEFD-0250335CC5F9}.Debug|Any CPU.ActiveCfg = Debug|Any CPU
		{AFEC2DE0-F92E-4384-BEFD-0250335CC5F9}.Debug|Any CPU.Build.0 = Debug|Any CPU
		{AFEC2DE0-F92E-4384-BEFD-0250335CC5F9}.Debug|x64.ActiveCfg = Debug|Any CPU
		{AFEC2DE0-F92E-4384-BEFD-0250335CC5F9}.Debug|x64.Build.0 = Debug|Any CPU
		{AFEC2DE0-F92E-4384-BEFD-0250335CC5F9}.Debug|x86.ActiveCfg = Debug|Any CPU
		{AFEC2DE0-F92E-4384-BEFD-0250335CC5F9}.Debug|x86.Build.0 = Debug|Any CPU
		{AFEC2DE0-F92E-4384-BEFD-0250335CC5F9}.Release|Any CPU.ActiveCfg = Release|Any CPU
		{AFEC2DE0-F92E-4384-BEFD-0250335CC5F9}.Release|Any CPU.Build.0 = Release|Any CPU
		{AFEC2DE0-F92E-4384-BEFD-0250335CC5F9}.Release|x64.ActiveCfg = Release|Any CPU
		{AFEC2DE0-F92E-4384-BEFD-0250335CC5F9}.Release|x64.Build.0 = Release|Any CPU
		{AFEC2DE0-F92E-4384-BEFD-0250335CC5F9}.Release|x86.ActiveCfg = Release|Any CPU
		{AFEC2DE0-F92E-4384-BEFD-0250335CC5F9}.Release|x86.Build.0 = Release|Any CPU
	EndGlobalSection
	GlobalSection(SolutionProperties) = preSolution
		HideSolutionNode = FALSE
	EndGlobalSection
	GlobalSection(NestedProjects) = preSolution
		{E0388E61-2655-491C-BE8C-B03965BC99BA} = {67C8A30E-B9D9-439F-B023-91BC1532194B}
		{731512EF-B669-45D9-9A02-FEA95D12BA15} = {19C9A6F8-E3E3-46C0-B0E2-C9DDD3E4CA77}
		{B3D5775F-A4C5-40DC-95C0-8E9A1164E6B5} = {F7E87E52-13C4-4E15-8F87-F6A0669EDDB5}
		{AFEC2DE0-F92E-4384-BEFD-0250335CC5F9} = {33FA6F70-23C9-4AB7-8561-D43558112BAF}
	EndGlobalSection
	GlobalSection(ExtensibilityGlobals) = postSolution
		SolutionGuid = {C6FB1E6B-8E28-44D5-A638-9B1AEAE13F12}
	EndGlobalSection
EndGlobal
